# This file is automatically @generated by Cargo.
# It is not intended for manual editing.
version = 4

[[package]]
name = "anyhow"
version = "1.0.98"
source = "registry+https://github.com/rust-lang/crates.io-index"
checksum = "e16d2d3311acee920a9eb8d33b8cbc1787ce4a264e85f964c2404b969bdcd487"

[[package]]
name = "arrayvec"
version = "0.7.6"
source = "registry+https://github.com/rust-lang/crates.io-index"
checksum = "7c02d123df017efcdfbd739ef81735b36c5ba83ec3c59c80a9d7ecc718f92e50"

[[package]]
name = "chessie"
version = "2.0.0"
source = "registry+https://github.com/rust-lang/crates.io-index"
checksum = "69f7ee9c07973fe2b0afe17de4ae2e1158aede0912d254a3be2d3a3b26386d23"
dependencies = [
 "anyhow",
 "arrayvec",
 "chessie_types",
]

[[package]]
name = "chessie_types"
version = "2.0.0"
source = "registry+https://github.com/rust-lang/crates.io-index"
checksum = "ccab5c6928f8d27e6133280700b6a76e4e5d23353e8e1864a9a99c0f91efbb31"
dependencies = [
 "anyhow",
]

[[package]]
name = "hhz"
version = "0.1.0"
dependencies = [
 "chessie",
]
